// !$*UTF8*$!
{
	archiveVersion = 1;
	classes = {
	};
	objectVersion = 46;
	objects = {

/* Begin PBXBuildFile section */
		1860A9021D001738002398DF /* AppDelegate.swift in Sources */ = {isa = PBXBuildFile; fileRef = 1860A9011D001738002398DF /* AppDelegate.swift */; };
		1860A9041D001738002398DF /* ViewController.swift in Sources */ = {isa = PBXBuildFile; fileRef = 1860A9031D001738002398DF /* ViewController.swift */; };
		1860A9071D001738002398DF /* Main.storyboard in Resources */ = {isa = PBXBuildFile; fileRef = 1860A9051D001738002398DF /* Main.storyboard */; };
		1860A9091D001738002398DF /* Assets.xcassets in Resources */ = {isa = PBXBuildFile; fileRef = 1860A9081D001738002398DF /* Assets.xcassets */; };
		1860A90C1D001738002398DF /* LaunchScreen.storyboard in Resources */ = {isa = PBXBuildFile; fileRef = 1860A90A1D001738002398DF /* LaunchScreen.storyboard */; };
/* End PBXBuildFile section */

/* Begin PBXFileReference section */
		1860A8FE1D001737002398DF /* DynamcsDemo.app */ = {isa = PBXFileReference; explicitFileType = wrapper.application; includeInIndex = 0; path = DynamcsDemo.app; sourceTree = BUILT_PRODUCTS_DIR; };
		1860A9011D001738002398DF /* AppDelegate.swift */ = {isa = PBXFileReference; lastKnownFileType = sourcecode.swift; path = AppDelegate.swift; sourceTree = "<group>"; };
		1860A9031D001738002398DF /* ViewController.swift */ = {isa = PBXFileReference; lastKnownFileType = sourcecode.swift; path = ViewController.swift; sourceTree = "<group>"; };
		1860A9061D001738002398DF /* Base */ = {isa = PBXFileReference; lastKnownFileType = file.storyboard; name = Base; path = Base.lproj/Main.storyboard; sourceTree = "<group>"; };
		1860A9081D001738002398DF /* Assets.xcassets */ = {isa = PBXFileReference; lastKnownFileType = folder.assetcatalog; path = Assets.xcassets; sourceTree = "<group>"; };
		1860A90B1D001738002398DF /* Base */ = {isa = PBXFileReference; lastKnownFileType = file.storyboard; name = Base; path = Base.lproj/LaunchScreen.storyboard; sourceTree = "<group>"; };
		1860A90D1D001738002398DF /* Info.plist */ = {isa = PBXFileReference; lastKnownFileType = text.plist.xml; path = Info.plist; sourceTree = "<group>"; };
/* End PBXFileReference section */

/* Begin PBXFrameworksBuildPhase section */
		1860A8FB1D001737002398DF /* Frameworks */ = {
			isa = PBXFrameworksBuildPhase;
			buildActionMask = 2147483647;
			files = (
			);
			runOnlyForDeploymentPostprocessing = 0;
		};
/* End PBXFrameworksBuildPhase section */

/* Begin PBXGroup section */
		1860A8F51D001737002398DF = {
			isa = PBXGroup;
			children = (
				1860A9001D001738002398DF /* DynamcsDemo */,
				1860A8FF1D001737002398DF /* Products */,
			);
			sourceTree = "<group>";
		};
		1860A8FF1D001737002398DF /* Products */ = {
			isa = PBXGroup;
			children = (
				1860A8FE1D001737002398DF /* DynamcsDemo.app */,
			);
			name = Products;
			sourceTree = "<group>";
		};
		1860A9001D001738002398DF /* DynamcsDemo */ = {
			isa = PBXGroup;
			children = (
				1860A9011D001738002398DF /* AppDelegate.swift */,
				1860A9031D001738002398DF /* ViewController.swift */,
				1860A9051D001738002398DF /* Main.storyboard */,
				1860A9081D001738002398DF /* Assets.xcassets */,
				1860A90A1D001738002398DF /* LaunchScreen.storyboard */,
				1860A90D1D001738002398DF /* Info.plist */,
			);
			path = DynamcsDemo;
			sourceTree = "<group>";
		};
/* End PBXGroup section */

/* Begin PBXNativeTarget section */
		1860A8FD1D001737002398DF /* DynamcsDemo */ = {
			isa = PBXNativeTarget;
			buildConfigurationList = 1860A9101D001738002398DF /* Build configuration list for PBXNativeTarget "DynamcsDemo" */;
			buildPhases = (
				1860A8FA1D001737002398DF /* Sources */,
				1860A8FB1D001737002398DF /* Frameworks */,
				1860A8FC1D001737002398DF /* Resources */,
			);
			buildRules = (
			);
			dependencies = (
			);
			name = DynamcsDemo;
			productName = DynamcsDemo;
			productReference = 1860A8FE1D001737002398DF /* DynamcsDemo.app */;
			productType = "com.apple.product-type.application";
		};
/* End PBXNativeTarget section */

/* Begin PBXProject section */
		1860A8F61D001737002398DF /* Project object */ = {
			isa = PBXProject;
			attributes = {
				LastSwiftUpdateCheck = 0730;
				LastUpgradeCheck = 0730;
				ORGANIZATIONNAME = KevinM;
				TargetAttributes = {
					1860A8FD1D001737002398DF = {
						CreatedOnToolsVersion = 7.3.1;
					};
				};
			};
			buildConfigurationList = 1860A8F91D001737002398DF /* Build configuration list for PBXProject "DynamcsDemo" */;
			compatibilityVersion = "Xcode 3.2";
			developmentRegion = English;
			hasScannedForEncodings = 0;
			knownRegions = (
				en,
				Base,
			);
			mainGroup = 1860A8F51D001737002398DF;
			productRefGroup = 1860A8FF1D001737002398DF /* Products */;
			projectDirPath = "";
			projectRoot = "";
			targets = (
				1860A8FD1D001737002398DF /* DynamcsDemo */,
			);
		};
/* End PBXProject section */

/* Begin PBXResourcesBuildPhase section */
		1860A8FC1D001737002398DF /* Resources */ = {
			isa = PBXResourcesBuildPhase;
			buildActionMask = 2147483647;
			files = (
				1860A90C1D001738002398DF /* LaunchScreen.storyboard in Resources */,
				1860A9091D001738002398DF /* Assets.xcassets in Resources */,
				1860A9071D001738002398DF /* Main.storyboard in Resources */,
			);
			runOnlyForDeploymentPostprocessing = 0;
		};
/* End PBXResourcesBuildPhase section */

/* Begin PBXSourcesBuildPhase section */
		1860A8FA1D001737002398DF /* Sources */ = {
			isa = PBXSourcesBuildPhase;
			buildActionMask = 2147483647;
			files = (
				1860A9041D001738002398DF /* ViewController.swift in Sources */,
				1860A9021D001738002398DF /* AppDelegate.swift in Sources */,
			);
			runOnlyForDeploymentPostprocessing = 0;
		};
/* End PBXSourcesBuildPhase section */

/* Begin PBXVariantGroup section */
		1860A9051D001738002398DF /* Main.storyboard */ = {
			isa = PBXVariantGroup;
			children = (
				1860A9061D001738002398DF /* Base */,
			);
			name = Main.storyboard;
			sourceTree = "<group>";
		};
		1860A90A1D001738002398DF /* LaunchScreen.storyboard */ = {
			isa = PBXVariantGroup;
			children = (
				1860A90B1D001738002398DF /* Base */,
			);
			name = LaunchScreen.storyboard;
			sourceTree = "<group>";
		};
/* End PBXVariantGroup section */

/* Begin XCBuildConfiguration section */
		1860A90E1D001738002398DF /* Debug */ = {
			isa = XCBuildConfiguration;
			buildSettings = {
				ALWAYS_SEARCH_USER_PATHS = NO;
				CLANG_ANALYZER_NONNULL = YES;
				CLANG_CXX_LANGUAGE_STANDARD = "gnu++0x";
				CLANG_CXX_LIBRARY = "libc++";
				CLANG_ENABLE_MODULES = YES;
				CLANG_ENABLE_OBJC_ARC = YES;
				CLANG_WARN_BOOL_CONVERSION = YES;
				CLANG_WARN_CONSTANT_CONVERSION = YES;
				CLANG_WARN_DIRECT_OBJC_ISA_USAGE = YES_ERROR;
				CLANG_WARN_EMPTY_BODY = YES;
				CLANG_WARN_ENUM_CONVERSION = YES;
				CLANG_WARN_INT_CONVERSION = YES;
				CLANG_WARN_OBJC_ROOT_CLASS = YES_ERROR;
				CLANG_WARN_UNREACHABLE_CODE = YES;
				CLANG_WARN__DUPLICATE_METHOD_MATCH = YES;
				"CODE_SIGN_IDENTITY[sdk=iphoneos*]" = "iPhone Developer";
				COPY_PHASE_STRIP = NO;
				DEBUG_INFORMATION_FORMAT = dwarf;
				ENABLE_STRICT_OBJC_MSGSEND = YES;
				ENABLE_TESTABILITY = YES;
				GCC_C_LANGUAGE_STANDARD = gnu99;
				GCC_DYNAMIC_NO_PIC = NO;
				GCC_NO_COMMON_BLOCKS = YES;
				GCC_OPTIMIZATION_LEVEL = 0;
				GCC_PREPROCESSOR_DEFINITIONS = (
					"DEBUG=1",
					"$(inherited)",
				);
				GCC_WARN_64_TO_32_BIT_CONVERSION = YES;
				GCC_WARN_ABOUT_RETURN_TYPE = YES_ERROR;
				GCC_WARN_UNDECLARED_SELECTOR = YES;
				GCC_WARN_UNINITIALIZED_AUTOS = YES_AGGRESSIVE;
				GCC_WARN_UNUSED_FUNCTION = YES;
				GCC_WARN_UNUSED_VARIABLE = YES;
				IPHONEOS_DEPLOYMENT_TARGET = 9.3;
				MTL_ENABLE_DEBUG_INFO = YES;
				ONLY_ACTIVE_ARCH = YES;
				SDKROOT = iphoneos;
				SWIFT_OPTIMIZATION_LEVEL = "-Onone";
			};
			name = Debug;
		};
		1860A90F1D001738002398DF /* Release */ = {
			isa = XCBuildConfiguration;
			buildSettings = {
				ALWAYS_SEARCH_USER_PATHS = NO;
				CLANG_ANALYZER_NONNULL = YES;
				CLANG_CXX_LANGUAGE_STANDARD = "gnu++0x";
				CLANG_CXX_LIBRARY = "libc++";
				CLANG_ENABLE_MODULES = YES;
				CLANG_ENABLE_OBJC_ARC = YES;
				CLANG_WARN_BOOL_CONVERSION = YES;
				CLANG_WARN_CONSTANT_CONVERSION = YES;
				CLANG_WARN_DIRECT_OBJC_ISA_USAGE = YES_ERROR;
				CLANG_WARN_EMPTY_BODY = YES;
				CLANG_WARN_ENUM_CONVERSION = YES;
				CLANG_WARN_INT_CONVERSION = YES;
				CLANG_WARN_OBJC_ROOT_CLASS = YES_ERROR;
				CLANG_WARN_UNREACHABLE_CODE = YES;
				CLANG_WARN__DUPLICATE_METHOD_MATCH = YES;
				"CODE_SIGN_IDENTITY[sdk=iphoneos*]" = "iPhone Developer";
				COPY_PHASE_STRIP = NO;
				DEBUG_INFORMATION_FORMAT = "dwarf-with-dsym";
				ENABLE_NS_ASSERTIONS = NO;
				ENABLE_STRICT_OBJC_MSGSEND = YES;
				GCC_C_LANGUAGE_STANDARD = gnu99;
				GCC_NO_COMMON_BLOCKS = YES;
				GCC_WARN_64_TO_32_BIT_CONVERSION = YES;
				GCC_WARN_ABOUT_RETURN_TYPE = YES_ERROR;
				GCC_WARN_UNDECLARED_SELECTOR = YES;
				GCC_WARN_UNINITIALIZED_AUTOS = YES_AGGRESSIVE;
				GCC_WARN_UNUSED_FUNCTION = YES;
				GCC_WARN_UNUSED_VARIABLE = YES;
				IPHONEOS_DEPLOYMENT_TARGET = 9.3;
				MTL_ENABLE_DEBUG_INFO = NO;
				SDKROOT = iphoneos;
				VALIDATE_PRODUCT = YES;
			};
			name = Release;
		};
		1860A9111D001738002398DF /* Debug */ = {
			isa = XCBuildConfiguration;
			buildSettings = {
				ASSETCATALOG_COMPILER_APPICON_NAME = AppIcon;
				INFOPLIST_FILE = DynamcsDemo/Info.plist;
				LD_RUNPATH_SEARCH_PATHS = "$(inherited) @executable_path/Frameworks";
				PRODUCT_BUNDLE_IDENTIFIER = KevinM.DynamcsDemo;
				PRODUCT_NAME = "$(TARGET_NAME)";
			};
			name = Debug;
		};
		1860A9121D001738002398DF /* Release */ = {
			isa = XCBuildConfiguration;
			buildSettings = {
				ASSETCATALOG_COMPILER_APPICON_NAME = AppIcon;
				INFOPLIST_FILE = DynamcsDemo/Info.plist;
				LD_RUNPATH_SEARCH_PATHS = "$(inherited) @executable_path/Frameworks";
				PRODUCT_BUNDLE_IDENTIFIER = KevinM.DynamcsDemo;
				PRODUCT_NAME = "$(TARGET_NAME)";
			};
			name = Release;
		};
/* End XCBuildConfiguration section */

/* Begin XCConfigurationList section */
		1860A8F91D001737002398DF /* Build configuration list for PBXProject "DynamcsDemo" */ = {
			isa = XCConfigurationList;
			buildConfigurations = (
				1860A90E1D001738002398DF /* Debug */,
				1860A90F1D001738002398DF /* Release */,
			);
			defaultConfigurationIsVisible = 0;
			defaultConfigurationName = Release;
		};
		1860A9101D001738002398DF /* Build configuration list for PBXNativeTarget "DynamcsDemo" */ = {
			isa = XCConfigurationList;
			buildConfigurations = (
				1860A9111D001738002398DF /* Debug */,
				1860A9121D001738002398DF /* Release */,
			);
			defaultConfigurationIsVisible = 0;
		};
/* End XCConfigurationList section */
	};
	rootObject = 1860A8F61D001737002398DF /* Project object */;
}
